{
	"name": "chu-tree-iview",
	"version": "0.0.1",
	"lockfileVersion": 1,
	"requires": true,
	"dependencies": {
		"deepmerge": {
			"version": "2.1.1",
			"resolved": "https://registry.npmjs.org/deepmerge/-/deepmerge-2.1.1.tgz",
			"integrity": "sha512-urQxA1smbLZ2cBbXbaYObM1dJ82aJ2H57A1C/Kklfh/ZN1bgH4G/n5KWhdNfOK11W98gqZfyYj7W4frJJRwA2w=="
		},
		"vue": {
			"version": "2.5.17",
			"resolved": "https://registry.npmjs.org/vue/-/vue-2.5.17.tgz",
			"integrity": "sha512-mFbcWoDIJi0w0Za4emyLiW72Jae0yjANHbCVquMKijcavBGypqlF7zHRgMa5k4sesdv7hv2rB4JPdZfR+TPfhQ=="
		}
	}
}
